
Microsoft Visual Studio Solution File, Format Version 12.00
# Visual Studio Version 16
VisualStudioVersion = 16.0.31402.337
MinimumVisualStudioVersion = 10.0.40219.1
Project("{9A19103F-16F7-4668-BE54-9A1E7A4F7556}") = "Com.Test.Federico", "Com.Test.Federico\Com.Test.Federico.csproj", "{B68FFFF1-FD0D-4183-86CB-6D0A74117773}"
EndProject
Project("{FAE04EC0-301F-11D3-BF4B-00C04F79EFBC}") = "Com.Test.API.Federico", "Com.Test.API.Federico\Com.Test.API.Federico.csproj", "{12F433CA-FD8C-4241-A7C2-21294A92873B}"
EndProject
Global
	GlobalSection(SolutionConfigurationPlatforms) = preSolution
		Debug|Any CPU = Debug|Any CPU
		Release|Any CPU = Release|Any CPU
	EndGlobalSection
	GlobalSection(ProjectConfigurationPlatforms) = postSolution
		{B68FFFF1-FD0D-4183-86CB-6D0A74117773}.Debug|Any CPU.ActiveCfg = Debug|Any CPU
		{B68FFFF1-FD0D-4183-86CB-6D0A74117773}.Debug|Any CPU.Build.0 = Debug|Any CPU
		{B68FFFF1-FD0D-4183-86CB-6D0A74117773}.Release|Any CPU.ActiveCfg = Release|Any CPU
		{B68FFFF1-FD0D-4183-86CB-6D0A74117773}.Release|Any CPU.Build.0 = Release|Any CPU
		{12F433CA-FD8C-4241-A7C2-21294A92873B}.Debug|Any CPU.ActiveCfg = Debug|Any CPU
		{12F433CA-FD8C-4241-A7C2-21294A92873B}.Debug|Any CPU.Build.0 = Debug|Any CPU
		{12F433CA-FD8C-4241-A7C2-21294A92873B}.Release|Any CPU.ActiveCfg = Release|Any CPU
		{12F433CA-FD8C-4241-A7C2-21294A92873B}.Release|Any CPU.Build.0 = Release|Any CPU
	EndGlobalSection
	GlobalSection(SolutionProperties) = preSolution
		HideSolutionNode = FALSE
	EndGlobalSection
	GlobalSection(ExtensibilityGlobals) = postSolution
		SolutionGuid = {98029DA7-4C7C-4C43-B334-C4B71914B000}
	EndGlobalSection
EndGlobal
